
Microsoft Visual Studio Solution File, Format Version 12.00
# Visual Studio Version 17
VisualStudioVersion = 17.0.32126.317
MinimumVisualStudioVersion = 10.0.40219.1
Project("{FAE04EC0-301F-11D3-BF4B-00C04F79EFBC}") = "JWT-WebAPICore", "JWT-WebAPICore\JWT-WebAPICore.csproj", "{C78E56B3-5944-481C-9A27-43A8D8C4DF49}"
EndProject
Global
	GlobalSection(SolutionConfigurationPlatforms) = preSolution
		Debug|Any CPU = Debug|Any CPU
		Release|Any CPU = Release|Any CPU
	EndGlobalSection
	GlobalSection(ProjectConfigurationPlatforms) = postSolution
		{C78E56B3-5944-481C-9A27-43A8D8C4DF49}.Debug|Any CPU.ActiveCfg = Debug|Any CPU
		{C78E56B3-5944-481C-9A27-43A8D8C4DF49}.Debug|Any CPU.Build.0 = Debug|Any CPU
		{C78E56B3-5944-481C-9A27-43A8D8C4DF49}.Release|Any CPU.ActiveCfg = Release|Any CPU
		{C78E56B3-5944-481C-9A27-43A8D8C4DF49}.Release|Any CPU.Build.0 = Release|Any CPU
	EndGlobalSection
	GlobalSection(SolutionProperties) = preSolution
		HideSolutionNode = FALSE
	EndGlobalSection
	GlobalSection(ExtensibilityGlobals) = postSolution
		SolutionGuid = {8F3C8A7B-57B9-4546-9C82-212D36705F36}
	EndGlobalSection
EndGlobal
